# This file is automatically @generated by Cargo.
# It is not intended for manual editing.
version = 4

[[package]]
name = "dpaa2-api"
version = "0.1.0"

[[package]]
name = "dpaa2-config"
version = "0.1.0"

[[package]]
name = "dpaa2-mc"
version = "0.1.0"

[[package]]
name = "dpaa2-tools"
version = "0.1.0"
